
Microsoft Visual Studio Solution File, Format Version 12.00
# Visual Studio Version 17
VisualStudioVersion = 17.0.31903.59
MinimumVisualStudioVersion = 10.0.40219.1
Project("{2150E333-8FDC-42A3-9474-1A3956D46DE8}") = "src", "src", "{827E0CD3-B72D-47B6-A68D-7590B98EB39B}"
EndProject
Project("{FAE04EC0-301F-11D3-BF4B-00C04F79EFBC}") = "SwingAdviser.Domain", "src\SwingAdviser.Domain\SwingAdviser.Domain.csproj", "{B094670A-A16B-44E9-A0E2-D23319D3004F}"
EndProject
Project("{FAE04EC0-301F-11D3-BF4B-00C04F79EFBC}") = "SwingAdviser.Application", "src\SwingAdviser.Application\SwingAdviser.Application.csproj", "{7A92FEA1-0F38-4469-9617-84C0DEDFE82F}"
EndProject
Project("{FAE04EC0-301F-11D3-BF4B-00C04F79EFBC}") = "SwingAdviser.Infrastructure", "src\SwingAdviser.Infrastructure\SwingAdviser.Infrastructure.csproj", "{96B69CAD-9D4B-4DD8-A6F5-99689DEFC9C4}"
EndProject
Project("{FAE04EC0-301F-11D3-BF4B-00C04F79EFBC}") = "SwingAdviser.Presentation", "src\SwingAdviser.Presentation\SwingAdviser.Presentation.csproj", "{D4F5F2B4-03DB-4E0E-A3E4-A4AE8E1FA21B}"
EndProject
Project("{2150E333-8FDC-42A3-9474-1A3956D46DE8}") = "tests", "tests", "{0AB3BF05-4346-4AA6-1389-037BE0695223}"
EndProject
Project("{FAE04EC0-301F-11D3-BF4B-00C04F79EFBC}") = "SwingAdviser.Infrastructure.Tests", "tests\SwingAdviser.Infrastructure.Tests\SwingAdviser.Infrastructure.Tests.csproj", "{1D82AF30-EF33-4849-9094-EB28F3D67B2E}"
EndProject
Project("{FAE04EC0-301F-11D3-BF4B-00C04F79EFBC}") = "SwingAdviser.Desktop", "src\SwingAdviser.Desktop\SwingAdviser.Desktop.csproj", "{DE75D0C8-1564-4BE4-A178-DF237E752BEE}"
EndProject
Project("{FAE04EC0-301F-11D3-BF4B-00C04F79EFBC}") = "SwingAdviser.Presentation.Tests", "tests\SwingAdviser.Presentation.Tests\SwingAdviser.Presentation.Tests.csproj", "{640DA7A3-B0D2-4AC8-AFB5-58867F6F1B6A}"
EndProject
Global
	GlobalSection(SolutionConfigurationPlatforms) = preSolution
		Debug|Any CPU = Debug|Any CPU
		Debug|x64 = Debug|x64
		Debug|x86 = Debug|x86
		Release|Any CPU = Release|Any CPU
		Release|x64 = Release|x64
		Release|x86 = Release|x86
	EndGlobalSection
	GlobalSection(ProjectConfigurationPlatforms) = postSolution
		{B094670A-A16B-44E9-A0E2-D23319D3004F}.Debug|Any CPU.ActiveCfg = Debug|Any CPU
		{B094670A-A16B-44E9-A0E2-D23319D3004F}.Debug|Any CPU.Build.0 = Debug|Any CPU
		{B094670A-A16B-44E9-A0E2-D23319D3004F}.Debug|x64.ActiveCfg = Debug|Any CPU
		{B094670A-A16B-44E9-A0E2-D23319D3004F}.Debug|x64.Build.0 = Debug|Any CPU
		{B094670A-A16B-44E9-A0E2-D23319D3004F}.Debug|x86.ActiveCfg = Debug|Any CPU
		{B094670A-A16B-44E9-A0E2-D23319D3004F}.Debug|x86.Build.0 = Debug|Any CPU
		{B094670A-A16B-44E9-A0E2-D23319D3004F}.Release|Any CPU.ActiveCfg = Release|Any CPU
		{B094670A-A16B-44E9-A0E2-D23319D3004F}.Release|Any CPU.Build.0 = Release|Any CPU
		{B094670A-A16B-44E9-A0E2-D23319D3004F}.Release|x64.ActiveCfg = Release|Any CPU
		{B094670A-A16B-44E9-A0E2-D23319D3004F}.Release|x64.Build.0 = Release|Any CPU
		{B094670A-A16B-44E9-A0E2-D23319D3004F}.Release|x86.ActiveCfg = Release|Any CPU
		{B094670A-A16B-44E9-A0E2-D23319D3004F}.Release|x86.Build.0 = Release|Any CPU
		{7A92FEA1-0F38-4469-9617-84C0DEDFE82F}.Debug|Any CPU.ActiveCfg = Debug|Any CPU
		{7A92FEA1-0F38-4469-9617-84C0DEDFE82F}.Debug|Any CPU.Build.0 = Debug|Any CPU
		{7A92FEA1-0F38-4469-9617-84C0DEDFE82F}.Debug|x64.ActiveCfg = Debug|Any CPU
		{7A92FEA1-0F38-4469-9617-84C0DEDFE82F}.Debug|x64.Build.0 = Debug|Any CPU
		{7A92FEA1-0F38-4469-9617-84C0DEDFE82F}.Debug|x86.ActiveCfg = Debug|Any CPU
		{7A92FEA1-0F38-4469-9617-84C0DEDFE82F}.Debug|x86.Build.0 = Debug|Any CPU
		{7A92FEA1-0F38-4469-9617-84C0DEDFE82F}.Release|Any CPU.ActiveCfg = Release|Any CPU
		{7A92FEA1-0F38-4469-9617-84C0DEDFE82F}.Release|Any CPU.Build.0 = Release|Any CPU
		{7A92FEA1-0F38-4469-9617-84C0DEDFE82F}.Release|x64.ActiveCfg = Release|Any CPU
		{7A92FEA1-0F38-4469-9617-84C0DEDFE82F}.Release|x64.Build.0 = Release|Any CPU
		{7A92FEA1-0F38-4469-9617-84C0DEDFE82F}.Release|x86.ActiveCfg = Release|Any CPU
		{7A92FEA1-0F38-4469-9617-84C0DEDFE82F}.Release|x86.Build.0 = Release|Any CPU
		{96B69CAD-9D4B-4DD8-A6F5-99689DEFC9C4}.Debug|Any CPU.ActiveCfg = Debug|Any CPU
		{96B69CAD-9D4B-4DD8-A6F5-99689DEFC9C4}.Debug|Any CPU.Build.0 = Debug|Any CPU
		{96B69CAD-9D4B-4DD8-A6F5-99689DEFC9C4}.Debug|x64.ActiveCfg = Debug|Any CPU
		{96B69CAD-9D4B-4DD8-A6F5-99689DEFC9C4}.Debug|x64.Build.0 = Debug|Any CPU
		{96B69CAD-9D4B-4DD8-A6F5-99689DEFC9C4}.Debug|x86.ActiveCfg = Debug|Any CPU
		{96B69CAD-9D4B-4DD8-A6F5-99689DEFC9C4}.Debug|x86.Build.0 = Debug|Any CPU
		{96B69CAD-9D4B-4DD8-A6F5-99689DEFC9C4}.Release|Any CPU.ActiveCfg = Release|Any CPU
		{96B69CAD-9D4B-4DD8-A6F5-99689DEFC9C4}.Release|Any CPU.Build.0 = Release|Any CPU
		{96B69CAD-9D4B-4DD8-A6F5-99689DEFC9C4}.Release|x64.ActiveCfg = Release|Any CPU
		{96B69CAD-9D4B-4DD8-A6F5-99689DEFC9C4}.Release|x64.Build.0 = Release|Any CPU
		{96B69CAD-9D4B-4DD8-A6F5-99689DEFC9C4}.Release|x86.ActiveCfg = Release|Any CPU
		{96B69CAD-9D4B-4DD8-A6F5-99689DEFC9C4}.Release|x86.Build.0 = Release|Any CPU
		{D4F5F2B4-03DB-4E0E-A3E4-A4AE8E1FA21B}.Debug|Any CPU.ActiveCfg = Debug|Any CPU
		{D4F5F2B4-03DB-4E0E-A3E4-A4AE8E1FA21B}.Debug|Any CPU.Build.0 = Debug|Any CPU
		{D4F5F2B4-03DB-4E0E-A3E4-A4AE8E1FA21B}.Debug|x64.ActiveCfg = Debug|Any CPU
		{D4F5F2B4-03DB-4E0E-A3E4-A4AE8E1FA21B}.Debug|x64.Build.0 = Debug|Any CPU
		{D4F5F2B4-03DB-4E0E-A3E4-A4AE8E1FA21B}.Debug|x86.ActiveCfg = Debug|Any CPU
		{D4F5F2B4-03DB-4E0E-A3E4-A4AE8E1FA21B}.Debug|x86.Build.0 = Debug|Any CPU
		{D4F5F2B4-03DB-4E0E-A3E4-A4AE8E1FA21B}.Release|Any CPU.ActiveCfg = Release|Any CPU
		{D4F5F2B4-03DB-4E0E-A3E4-A4AE8E1FA21B}.Release|Any CPU.Build.0 = Release|Any CPU
		{D4F5F2B4-03DB-4E0E-A3E4-A4AE8E1FA21B}.Release|x64.ActiveCfg = Release|Any CPU
		{D4F5F2B4-03DB-4E0E-A3E4-A4AE8E1FA21B}.Release|x64.Build.0 = Release|Any CPU
		{D4F5F2B4-03DB-4E0E-A3E4-A4AE8E1FA21B}.Release|x86.ActiveCfg = Release|Any CPU
		{D4F5F2B4-03DB-4E0E-A3E4-A4AE8E1FA21B}.Release|x86.Build.0 = Release|Any CPU
		{1D82AF30-EF33-4849-9094-EB28F3D67B2E}.Debug|Any CPU.ActiveCfg = Debug|Any CPU
		{1D82AF30-EF33-4849-9094-EB28F3D67B2E}.Debug|Any CPU.Build.0 = Debug|Any CPU
		{1D82AF30-EF33-4849-9094-EB28F3D67B2E}.Debug|x64.ActiveCfg = Debug|Any CPU
		{1D82AF30-EF33-4849-9094-EB28F3D67B2E}.Debug|x64.Build.0 = Debug|Any CPU
		{1D82AF30-EF33-4849-9094-EB28F3D67B2E}.Debug|x86.ActiveCfg = Debug|Any CPU
		{1D82AF30-EF33-4849-9094-EB28F3D67B2E}.Debug|x86.Build.0 = Debug|Any CPU
		{1D82AF30-EF33-4849-9094-EB28F3D67B2E}.Release|Any CPU.ActiveCfg = Release|Any CPU
		{1D82AF30-EF33-4849-9094-EB28F3D67B2E}.Release|Any CPU.Build.0 = Release|Any CPU
		{1D82AF30-EF33-4849-9094-EB28F3D67B2E}.Release|x64.ActiveCfg = Release|Any CPU
		{1D82AF30-EF33-4849-9094-EB28F3D67B2E}.Release|x64.Build.0 = Release|Any CPU
		{1D82AF30-EF33-4849-9094-EB28F3D67B2E}.Release|x86.ActiveCfg = Release|Any CPU
		{1D82AF30-EF33-4849-9094-EB28F3D67B2E}.Release|x86.Build.0 = Release|Any CPU
		{DE75D0C8-1564-4BE4-A178-DF237E752BEE}.Debug|Any CPU.ActiveCfg = Debug|Any CPU
		{DE75D0C8-1564-4BE4-A178-DF237E752BEE}.Debug|Any CPU.Build.0 = Debug|Any CPU
		{DE75D0C8-1564-4BE4-A178-DF237E752BEE}.Debug|x64.ActiveCfg = Debug|Any CPU
		{DE75D0C8-1564-4BE4-A178-DF237E752BEE}.Debug|x64.Build.0 = Debug|Any CPU
		{DE75D0C8-1564-4BE4-A178-DF237E752BEE}.Debug|x86.ActiveCfg = Debug|Any CPU
		{DE75D0C8-1564-4BE4-A178-DF237E752BEE}.Debug|x86.Build.0 = Debug|Any CPU
		{DE75D0C8-1564-4BE4-A178-DF237E752BEE}.Release|Any CPU.ActiveCfg = Release|Any CPU
		{DE75D0C8-1564-4BE4-A178-DF237E752BEE}.Release|Any CPU.Build.0 = Release|Any CPU
		{DE75D0C8-1564-4BE4-A178-DF237E752BEE}.Release|x64.ActiveCfg = Release|Any CPU
		{DE75D0C8-1564-4BE4-A178-DF237E752BEE}.Release|x64.Build.0 = Release|Any CPU
		{DE75D0C8-1564-4BE4-A178-DF237E752BEE}.Release|x86.ActiveCfg = Release|Any CPU
		{DE75D0C8-1564-4BE4-A178-DF237E752BEE}.Release|x86.Build.0 = Release|Any CPU
		{640DA7A3-B0D2-4AC8-AFB5-58867F6F1B6A}.Debug|Any CPU.ActiveCfg = Debug|Any CPU
		{640DA7A3-B0D2-4AC8-AFB5-58867F6F1B6A}.Debug|Any CPU.Build.0 = Debug|Any CPU
		{640DA7A3-B0D2-4AC8-AFB5-58867F6F1B6A}.Debug|x64.ActiveCfg = Debug|Any CPU
		{640DA7A3-B0D2-4AC8-AFB5-58867F6F1B6A}.Debug|x64.Build.0 = Debug|Any CPU
		{640DA7A3-B0D2-4AC8-AFB5-58867F6F1B6A}.Debug|x86.ActiveCfg = Debug|Any CPU
		{640DA7A3-B0D2-4AC8-AFB5-58867F6F1B6A}.Debug|x86.Build.0 = Debug|Any CPU
		{640DA7A3-B0D2-4AC8-AFB5-58867F6F1B6A}.Release|Any CPU.ActiveCfg = Release|Any CPU
		{640DA7A3-B0D2-4AC8-AFB5-58867F6F1B6A}.Release|Any CPU.Build.0 = Release|Any CPU
		{640DA7A3-B0D2-4AC8-AFB5-58867F6F1B6A}.Release|x64.ActiveCfg = Release|Any CPU
		{640DA7A3-B0D2-4AC8-AFB5-58867F6F1B6A}.Release|x64.Build.0 = Release|Any CPU
		{640DA7A3-B0D2-4AC8-AFB5-58867F6F1B6A}.Release|x86.ActiveCfg = Release|Any CPU
		{640DA7A3-B0D2-4AC8-AFB5-58867F6F1B6A}.Release|x86.Build.0 = Release|Any CPU
	EndGlobalSection
	GlobalSection(SolutionProperties) = preSolution
		HideSolutionNode = FALSE
	EndGlobalSection
	GlobalSection(NestedProjects) = preSolution
		{B094670A-A16B-44E9-A0E2-D23319D3004F} = {827E0CD3-B72D-47B6-A68D-7590B98EB39B}
		{7A92FEA1-0F38-4469-9617-84C0DEDFE82F} = {827E0CD3-B72D-47B6-A68D-7590B98EB39B}
		{96B69CAD-9D4B-4DD8-A6F5-99689DEFC9C4} = {827E0CD3-B72D-47B6-A68D-7590B98EB39B}
		{D4F5F2B4-03DB-4E0E-A3E4-A4AE8E1FA21B} = {827E0CD3-B72D-47B6-A68D-7590B98EB39B}
		{1D82AF30-EF33-4849-9094-EB28F3D67B2E} = {0AB3BF05-4346-4AA6-1389-037BE0695223}
		{DE75D0C8-1564-4BE4-A178-DF237E752BEE} = {827E0CD3-B72D-47B6-A68D-7590B98EB39B}
		{640DA7A3-B0D2-4AC8-AFB5-58867F6F1B6A} = {0AB3BF05-4346-4AA6-1389-037BE0695223}
	EndGlobalSection
EndGlobal
